
Microsoft Visual Studio Solution File, Format Version 12.00
Project("{FAE04EC0-301F-11D3-BF4B-00C04F79EFBC}") = "GameServer", "GameServer\GameServer.csproj", "{C165E470-207D-4AA2-9E5D-4D836BC4E8AA}"
EndProject
Project("{FAE04EC0-301F-11D3-BF4B-00C04F79EFBC}") = "Interfaces", "Interfaces\Interfaces.csproj", "{B4D12777-0E0B-415C-8151-91DEA8780DE9}"
EndProject
Project("{FAE04EC0-301F-11D3-BF4B-00C04F79EFBC}") = "Domain", "Domain\Domain.csproj", "{8E66CD40-7E03-45A1-BC58-93ECF67B5F3E}"
EndProject
Project("{FAE04EC0-301F-11D3-BF4B-00C04F79EFBC}") = "Technology.Http", "Technology.Http\Technology.Http.csproj", "{275FC946-E819-4B58-B360-DD2C000824EB}"
EndProject
Project("{FAE04EC0-301F-11D3-BF4B-00C04F79EFBC}") = "Domain.Interfaces", "Domain.Interfaces\Domain.Interfaces.csproj", "{2F3FEC3B-0D5C-4983-8ACF-1DB06ECB9AB2}"
EndProject
Project("{FAE04EC0-301F-11D3-BF4B-00C04F79EFBC}") = "Technology.Json", "Technology.Json\Technology.Json.csproj", "{B16C9FAD-00C5-4744-A0FF-711728B070C4}"
EndProject
Global
	GlobalSection(SolutionConfigurationPlatforms) = preSolution
		Debug|Any CPU = Debug|Any CPU
		Release|Any CPU = Release|Any CPU
	EndGlobalSection
	GlobalSection(ProjectConfigurationPlatforms) = postSolution
		{C165E470-207D-4AA2-9E5D-4D836BC4E8AA}.Debug|Any CPU.ActiveCfg = Debug|Any CPU
		{C165E470-207D-4AA2-9E5D-4D836BC4E8AA}.Debug|Any CPU.Build.0 = Debug|Any CPU
		{C165E470-207D-4AA2-9E5D-4D836BC4E8AA}.Release|Any CPU.ActiveCfg = Release|Any CPU
		{C165E470-207D-4AA2-9E5D-4D836BC4E8AA}.Release|Any CPU.Build.0 = Release|Any CPU
		{B4D12777-0E0B-415C-8151-91DEA8780DE9}.Debug|Any CPU.ActiveCfg = Debug|Any CPU
		{B4D12777-0E0B-415C-8151-91DEA8780DE9}.Debug|Any CPU.Build.0 = Debug|Any CPU
		{B4D12777-0E0B-415C-8151-91DEA8780DE9}.Release|Any CPU.ActiveCfg = Release|Any CPU
		{B4D12777-0E0B-415C-8151-91DEA8780DE9}.Release|Any CPU.Build.0 = Release|Any CPU
		{8E66CD40-7E03-45A1-BC58-93ECF67B5F3E}.Debug|Any CPU.ActiveCfg = Debug|Any CPU
		{8E66CD40-7E03-45A1-BC58-93ECF67B5F3E}.Debug|Any CPU.Build.0 = Debug|Any CPU
		{8E66CD40-7E03-45A1-BC58-93ECF67B5F3E}.Release|Any CPU.ActiveCfg = Release|Any CPU
		{8E66CD40-7E03-45A1-BC58-93ECF67B5F3E}.Release|Any CPU.Build.0 = Release|Any CPU
		{275FC946-E819-4B58-B360-DD2C000824EB}.Debug|Any CPU.ActiveCfg = Debug|Any CPU
		{275FC946-E819-4B58-B360-DD2C000824EB}.Debug|Any CPU.Build.0 = Debug|Any CPU
		{275FC946-E819-4B58-B360-DD2C000824EB}.Release|Any CPU.ActiveCfg = Release|Any CPU
		{275FC946-E819-4B58-B360-DD2C000824EB}.Release|Any CPU.Build.0 = Release|Any CPU
		{2F3FEC3B-0D5C-4983-8ACF-1DB06ECB9AB2}.Debug|Any CPU.ActiveCfg = Debug|Any CPU
		{2F3FEC3B-0D5C-4983-8ACF-1DB06ECB9AB2}.Debug|Any CPU.Build.0 = Debug|Any CPU
		{2F3FEC3B-0D5C-4983-8ACF-1DB06ECB9AB2}.Release|Any CPU.ActiveCfg = Release|Any CPU
		{2F3FEC3B-0D5C-4983-8ACF-1DB06ECB9AB2}.Release|Any CPU.Build.0 = Release|Any CPU
		{B16C9FAD-00C5-4744-A0FF-711728B070C4}.Debug|Any CPU.ActiveCfg = Debug|Any CPU
		{B16C9FAD-00C5-4744-A0FF-711728B070C4}.Debug|Any CPU.Build.0 = Debug|Any CPU
		{B16C9FAD-00C5-4744-A0FF-711728B070C4}.Release|Any CPU.ActiveCfg = Release|Any CPU
		{B16C9FAD-00C5-4744-A0FF-711728B070C4}.Release|Any CPU.Build.0 = Release|Any CPU
	EndGlobalSection
EndGlobal
